
Microsoft Visual Studio Solution File, Format Version 12.00
# Visual Studio 2015
Project("{FAE04EC0-301F-11D3-BF4B-00C04F79EFBC}") = "Otome.CSharp", "Otome.CSharp.csproj", "{813463AD-D56D-2694-7D80-7BF26FFCB2DD}"
EndProject
Project("{FAE04EC0-301F-11D3-BF4B-00C04F79EFBC}") = "Otome.CSharp.Editor", "Otome.CSharp.Editor.csproj", "{A76ADB13-B403-8B0A-C828-DA384F67266C}"
EndProject
Global
	GlobalSection(SolutionConfigurationPlatforms) = preSolution
		Debug|Any CPU = Debug|Any CPU
		Release|Any CPU = Release|Any CPU
	EndGlobalSection
	GlobalSection(ProjectConfigurationPlatforms) = postSolution
		{813463AD-D56D-2694-7D80-7BF26FFCB2DD}.Debug|Any CPU.ActiveCfg = Debug|Any CPU
		{813463AD-D56D-2694-7D80-7BF26FFCB2DD}.Debug|Any CPU.Build.0 = Debug|Any CPU
		{813463AD-D56D-2694-7D80-7BF26FFCB2DD}.Release|Any CPU.ActiveCfg = Release|Any CPU
		{813463AD-D56D-2694-7D80-7BF26FFCB2DD}.Release|Any CPU.Build.0 = Release|Any CPU
		{A76ADB13-B403-8B0A-C828-DA384F67266C}.Debug|Any CPU.ActiveCfg = Debug|Any CPU
		{A76ADB13-B403-8B0A-C828-DA384F67266C}.Debug|Any CPU.Build.0 = Debug|Any CPU
		{A76ADB13-B403-8B0A-C828-DA384F67266C}.Release|Any CPU.ActiveCfg = Release|Any CPU
		{A76ADB13-B403-8B0A-C828-DA384F67266C}.Release|Any CPU.Build.0 = Release|Any CPU
	EndGlobalSection
	GlobalSection(SolutionProperties) = preSolution
		HideSolutionNode = FALSE
	EndGlobalSection
EndGlobal
